
Microsoft Visual Studio Solution File, Format Version 12.00
# Visual Studio Version 16
VisualStudioVersion = 16.0.30104.148
MinimumVisualStudioVersion = 10.0.40219.1
Project("{2150E333-8FDC-42A3-9474-1A3956D46DE8}") = "src", "src", "{5BCB7311-B2B9-4503-AC93-5C1DBC3A3694}"
EndProject
Project("{2150E333-8FDC-42A3-9474-1A3956D46DE8}") = "test", "test", "{6B57F905-E204-4AFB-A247-8B3BF13AB4BA}"
EndProject
Project("{2150E333-8FDC-42A3-9474-1A3956D46DE8}") = "1-Service", "1-Service", "{83C67BE4-2582-4D97-8682-ECBE5E702C3A}"
EndProject
Project("{2150E333-8FDC-42A3-9474-1A3956D46DE8}") = "2-Application", "2-Application", "{0C02C205-74D3-49A6-BD88-911E2D3AF213}"
EndProject
Project("{2150E333-8FDC-42A3-9474-1A3956D46DE8}") = "3-Domain", "3-Domain", "{5B93542E-E8A9-4821-A3BF-1546CF761894}"
EndProject
Project("{2150E333-8FDC-42A3-9474-1A3956D46DE8}") = "4-Infra", "4-Infra", "{A5FC02F6-9C7B-4E2B-B00B-53B77502ADA9}"
EndProject
Project("{2150E333-8FDC-42A3-9474-1A3956D46DE8}") = "1-Service", "1-Service", "{DB31E4DC-4AB9-4FDE-AD6A-713781072E2C}"
EndProject
Project("{2150E333-8FDC-42A3-9474-1A3956D46DE8}") = "2-Application", "2-Application", "{DEF63689-7AED-4655-A1DA-2C8782A2A441}"
EndProject
Project("{2150E333-8FDC-42A3-9474-1A3956D46DE8}") = "3-Domain", "3-Domain", "{2F4292F1-873E-431C-B77E-5969ED55BBAC}"
EndProject
Project("{2150E333-8FDC-42A3-9474-1A3956D46DE8}") = "4-Infra", "4-Infra", "{EC5A0DDC-D132-4466-B1E2-CFCE5971938A}"
EndProject
Project("{9A19103F-16F7-4668-BE54-9A1E7A4F7556}") = "RPGCombatKata.Domain", "RPGCombatKata.Domain\RPGCombatKata.Domain.csproj", "{93D26871-6134-46C2-A4E8-99131A5D9B1A}"
EndProject
Project("{2150E333-8FDC-42A3-9474-1A3956D46DE8}") = "CrossCutting", "CrossCutting", "{981A5740-6DE0-43F1-9FA1-E8AC6996ED57}"
EndProject
Project("{2150E333-8FDC-42A3-9474-1A3956D46DE8}") = "Data", "Data", "{325F498F-AFD3-4D37-BB40-35BF19179F34}"
EndProject
Project("{9A19103F-16F7-4668-BE54-9A1E7A4F7556}") = "RPGCombatKata.Domain.Core", "RPGCombatKata.Domain.Core\RPGCombatKata.Domain.Core.csproj", "{5C88E44E-0F05-4714-A2BD-917FF11CCEEA}"
EndProject
Project("{9A19103F-16F7-4668-BE54-9A1E7A4F7556}") = "RPGCombatKata.Domain.Service", "RPGCombatKata.Domain.Service\RPGCombatKata.Domain.Service.csproj", "{ED258672-648C-46D3-AD90-3129F0DD7790}"
EndProject
Project("{9A19103F-16F7-4668-BE54-9A1E7A4F7556}") = "RPGCombatKataTest.Domain", "RPGCombatKataTest.Domain\RPGCombatKataTest.Domain.csproj", "{3A78C6C9-B18A-4276-9AD8-21D725402699}"
EndProject
Project("{9A19103F-16F7-4668-BE54-9A1E7A4F7556}") = "RPGCombatKataTest.Domain.Core", "RPGCombatKataTest.Domain.Core\RPGCombatKataTest.Domain.Core.csproj", "{965D8478-4652-49E3-9C87-0420BC9E07E1}"
EndProject
Project("{9A19103F-16F7-4668-BE54-9A1E7A4F7556}") = "RPGCombatKataTest.Domain.Service", "RPGCombatKataTest.Domain.Service\RPGCombatKataTest.Domain.Service.csproj", "{77EFFAB3-DAEE-4845-A348-68FBFE484C8C}"
EndProject
Project("{2150E333-8FDC-42A3-9474-1A3956D46DE8}") = "Solution Items", "Solution Items", "{089EE8DD-71A1-4484-9D28-17CBA6B2442E}"
	ProjectSection(SolutionItems) = preProject
		Orientacao.txt = Orientacao.txt
	EndProjectSection
EndProject
Global
	GlobalSection(SolutionConfigurationPlatforms) = preSolution
		Debug|Any CPU = Debug|Any CPU
		Release|Any CPU = Release|Any CPU
	EndGlobalSection
	GlobalSection(ProjectConfigurationPlatforms) = postSolution
		{93D26871-6134-46C2-A4E8-99131A5D9B1A}.Debug|Any CPU.ActiveCfg = Debug|Any CPU
		{93D26871-6134-46C2-A4E8-99131A5D9B1A}.Debug|Any CPU.Build.0 = Debug|Any CPU
		{93D26871-6134-46C2-A4E8-99131A5D9B1A}.Release|Any CPU.ActiveCfg = Release|Any CPU
		{93D26871-6134-46C2-A4E8-99131A5D9B1A}.Release|Any CPU.Build.0 = Release|Any CPU
		{5C88E44E-0F05-4714-A2BD-917FF11CCEEA}.Debug|Any CPU.ActiveCfg = Debug|Any CPU
		{5C88E44E-0F05-4714-A2BD-917FF11CCEEA}.Debug|Any CPU.Build.0 = Debug|Any CPU
		{5C88E44E-0F05-4714-A2BD-917FF11CCEEA}.Release|Any CPU.ActiveCfg = Release|Any CPU
		{5C88E44E-0F05-4714-A2BD-917FF11CCEEA}.Release|Any CPU.Build.0 = Release|Any CPU
		{ED258672-648C-46D3-AD90-3129F0DD7790}.Debug|Any CPU.ActiveCfg = Debug|Any CPU
		{ED258672-648C-46D3-AD90-3129F0DD7790}.Debug|Any CPU.Build.0 = Debug|Any CPU
		{ED258672-648C-46D3-AD90-3129F0DD7790}.Release|Any CPU.ActiveCfg = Release|Any CPU
		{ED258672-648C-46D3-AD90-3129F0DD7790}.Release|Any CPU.Build.0 = Release|Any CPU
		{3A78C6C9-B18A-4276-9AD8-21D725402699}.Debug|Any CPU.ActiveCfg = Debug|Any CPU
		{3A78C6C9-B18A-4276-9AD8-21D725402699}.Debug|Any CPU.Build.0 = Debug|Any CPU
		{3A78C6C9-B18A-4276-9AD8-21D725402699}.Release|Any CPU.ActiveCfg = Release|Any CPU
		{3A78C6C9-B18A-4276-9AD8-21D725402699}.Release|Any CPU.Build.0 = Release|Any CPU
		{965D8478-4652-49E3-9C87-0420BC9E07E1}.Debug|Any CPU.ActiveCfg = Debug|Any CPU
		{965D8478-4652-49E3-9C87-0420BC9E07E1}.Debug|Any CPU.Build.0 = Debug|Any CPU
		{965D8478-4652-49E3-9C87-0420BC9E07E1}.Release|Any CPU.ActiveCfg = Release|Any CPU
		{965D8478-4652-49E3-9C87-0420BC9E07E1}.Release|Any CPU.Build.0 = Release|Any CPU
		{77EFFAB3-DAEE-4845-A348-68FBFE484C8C}.Debug|Any CPU.ActiveCfg = Debug|Any CPU
		{77EFFAB3-DAEE-4845-A348-68FBFE484C8C}.Debug|Any CPU.Build.0 = Debug|Any CPU
		{77EFFAB3-DAEE-4845-A348-68FBFE484C8C}.Release|Any CPU.ActiveCfg = Release|Any CPU
		{77EFFAB3-DAEE-4845-A348-68FBFE484C8C}.Release|Any CPU.Build.0 = Release|Any CPU
	EndGlobalSection
	GlobalSection(SolutionProperties) = preSolution
		HideSolutionNode = FALSE
	EndGlobalSection
	GlobalSection(NestedProjects) = preSolution
		{83C67BE4-2582-4D97-8682-ECBE5E702C3A} = {5BCB7311-B2B9-4503-AC93-5C1DBC3A3694}
		{0C02C205-74D3-49A6-BD88-911E2D3AF213} = {5BCB7311-B2B9-4503-AC93-5C1DBC3A3694}
		{5B93542E-E8A9-4821-A3BF-1546CF761894} = {5BCB7311-B2B9-4503-AC93-5C1DBC3A3694}
		{A5FC02F6-9C7B-4E2B-B00B-53B77502ADA9} = {5BCB7311-B2B9-4503-AC93-5C1DBC3A3694}
		{DB31E4DC-4AB9-4FDE-AD6A-713781072E2C} = {6B57F905-E204-4AFB-A247-8B3BF13AB4BA}
		{DEF63689-7AED-4655-A1DA-2C8782A2A441} = {6B57F905-E204-4AFB-A247-8B3BF13AB4BA}
		{2F4292F1-873E-431C-B77E-5969ED55BBAC} = {6B57F905-E204-4AFB-A247-8B3BF13AB4BA}
		{EC5A0DDC-D132-4466-B1E2-CFCE5971938A} = {6B57F905-E204-4AFB-A247-8B3BF13AB4BA}
		{93D26871-6134-46C2-A4E8-99131A5D9B1A} = {5B93542E-E8A9-4821-A3BF-1546CF761894}
		{981A5740-6DE0-43F1-9FA1-E8AC6996ED57} = {A5FC02F6-9C7B-4E2B-B00B-53B77502ADA9}
		{325F498F-AFD3-4D37-BB40-35BF19179F34} = {A5FC02F6-9C7B-4E2B-B00B-53B77502ADA9}
		{5C88E44E-0F05-4714-A2BD-917FF11CCEEA} = {5B93542E-E8A9-4821-A3BF-1546CF761894}
		{ED258672-648C-46D3-AD90-3129F0DD7790} = {5B93542E-E8A9-4821-A3BF-1546CF761894}
		{3A78C6C9-B18A-4276-9AD8-21D725402699} = {2F4292F1-873E-431C-B77E-5969ED55BBAC}
		{965D8478-4652-49E3-9C87-0420BC9E07E1} = {2F4292F1-873E-431C-B77E-5969ED55BBAC}
		{77EFFAB3-DAEE-4845-A348-68FBFE484C8C} = {2F4292F1-873E-431C-B77E-5969ED55BBAC}
	EndGlobalSection
	GlobalSection(ExtensibilityGlobals) = postSolution
		SolutionGuid = {503CEA8D-205C-44F5-A1A2-EDD759A58680}
	EndGlobalSection
EndGlobal
